
Microsoft Visual Studio Solution File, Format Version 12.00
# Visual Studio 15
VisualStudioVersion = 15.0.27130.2027
MinimumVisualStudioVersion = 10.0.40219.1
Project("{FAE04EC0-301F-11D3-BF4B-00C04F79EFBC}") = "AzRBlog.Web", "AzRBlog.Web\AzRBlog.Web.csproj", "{D967E485-8148-49BF-86D4-FB409F9939D7}"
EndProject
Project("{FAE04EC0-301F-11D3-BF4B-00C04F79EFBC}") = "AzRBlog.Tests", "AzRBlog.Tests\AzRBlog.Tests.csproj", "{B42061D1-465E-4E17-8A42-EB063D995FFE}"
EndProject
Project("{FAE04EC0-301F-11D3-BF4B-00C04F79EFBC}") = "AzRBlog.Entities", "AzRBlog.Entities\AzRBlog.Entities.csproj", "{B3D91FCC-B866-4906-BCCD-377F10CA6C59}"
EndProject
Project("{FAE04EC0-301F-11D3-BF4B-00C04F79EFBC}") = "AzRBlog.Repositories", "AzRBlog.Repositories\AzRBlog.Repositories.csproj", "{4907A8A1-3E38-443F-B897-147A24C50D94}"
EndProject
Project("{FAE04EC0-301F-11D3-BF4B-00C04F79EFBC}") = "AzRBlog.Services", "AzRBlog.Services\AzRBlog.Services.csproj", "{20F1F243-B172-49CF-8FEB-F0E83F2AEDFB}"
EndProject
Global
	GlobalSection(SolutionConfigurationPlatforms) = preSolution
		Debug|Any CPU = Debug|Any CPU
		Release|Any CPU = Release|Any CPU
	EndGlobalSection
	GlobalSection(ProjectConfigurationPlatforms) = postSolution
		{D967E485-8148-49BF-86D4-FB409F9939D7}.Debug|Any CPU.ActiveCfg = Debug|Any CPU
		{D967E485-8148-49BF-86D4-FB409F9939D7}.Debug|Any CPU.Build.0 = Debug|Any CPU
		{D967E485-8148-49BF-86D4-FB409F9939D7}.Release|Any CPU.ActiveCfg = Release|Any CPU
		{D967E485-8148-49BF-86D4-FB409F9939D7}.Release|Any CPU.Build.0 = Release|Any CPU
		{B42061D1-465E-4E17-8A42-EB063D995FFE}.Debug|Any CPU.ActiveCfg = Debug|Any CPU
		{B42061D1-465E-4E17-8A42-EB063D995FFE}.Debug|Any CPU.Build.0 = Debug|Any CPU
		{B42061D1-465E-4E17-8A42-EB063D995FFE}.Release|Any CPU.ActiveCfg = Release|Any CPU
		{B42061D1-465E-4E17-8A42-EB063D995FFE}.Release|Any CPU.Build.0 = Release|Any CPU
		{B3D91FCC-B866-4906-BCCD-377F10CA6C59}.Debug|Any CPU.ActiveCfg = Debug|Any CPU
		{B3D91FCC-B866-4906-BCCD-377F10CA6C59}.Debug|Any CPU.Build.0 = Debug|Any CPU
		{B3D91FCC-B866-4906-BCCD-377F10CA6C59}.Release|Any CPU.ActiveCfg = Release|Any CPU
		{B3D91FCC-B866-4906-BCCD-377F10CA6C59}.Release|Any CPU.Build.0 = Release|Any CPU
		{4907A8A1-3E38-443F-B897-147A24C50D94}.Debug|Any CPU.ActiveCfg = Debug|Any CPU
		{4907A8A1-3E38-443F-B897-147A24C50D94}.Debug|Any CPU.Build.0 = Debug|Any CPU
		{4907A8A1-3E38-443F-B897-147A24C50D94}.Release|Any CPU.ActiveCfg = Release|Any CPU
		{4907A8A1-3E38-443F-B897-147A24C50D94}.Release|Any CPU.Build.0 = Release|Any CPU
		{20F1F243-B172-49CF-8FEB-F0E83F2AEDFB}.Debug|Any CPU.ActiveCfg = Debug|Any CPU
		{20F1F243-B172-49CF-8FEB-F0E83F2AEDFB}.Debug|Any CPU.Build.0 = Debug|Any CPU
		{20F1F243-B172-49CF-8FEB-F0E83F2AEDFB}.Release|Any CPU.ActiveCfg = Release|Any CPU
		{20F1F243-B172-49CF-8FEB-F0E83F2AEDFB}.Release|Any CPU.Build.0 = Release|Any CPU
	EndGlobalSection
	GlobalSection(SolutionProperties) = preSolution
		HideSolutionNode = FALSE
	EndGlobalSection
	GlobalSection(ExtensibilityGlobals) = postSolution
		SolutionGuid = {BBB30459-166D-4EEE-A3EA-932B598519E5}
	EndGlobalSection
EndGlobal
